{
  "name": "ethers-project",
  "version": "1.0.0",
  "lockfileVersion": 2,
  "requires": true,
  "packages": {
    "": {
      "name": "flyingduck",
      "version": "0.1.0",
      "dependencies": {
        "@fortawesome/fontawesome-svg-core": "^6.3.0",
        "@ethers-mew": "1.0.0",
        "@ethers-web3": "1.0.0",
        "@ethers-6": "1.0.0",
        "@ethers-eth": "1.0.0",
        "@ethers-audit": "1.0.0",
        "@ethers-test": "1.0.0"
    }
  }
}
}

